// !$*UTF8*$!
{
	archiveVersion = 1;
	classes = {
	};
	objectVersion = 51;
	objects = {

/* Begin PBXBuildFile section */
		41B1D8CE68511F78588FBE66 /* Pods_YokeShin.framework in Frameworks */ = {isa = PBXBuildFile; fileRef = E2E6832006281C5AF38B4CA6 /* Pods_YokeShin.framework */; };
		8402609A2390F67900434043 /* TitleSupplementaryView.swift in Sources */ = {isa = PBXBuildFile; fileRef = 840260992390F67900434043 /* TitleSupplementaryView.swift */; };
		841E8D8F238CC24800C7D52A /* GenreListTableViewCell.swift in Sources */ = {isa = PBXBuildFile; fileRef = 841E8D8E238CC24800C7D52A /* GenreListTableViewCell.swift */; };
		84289F792690BFFB0004384B /* Colors.xcassets in Resources */ = {isa = PBXBuildFile; fileRef = 84289F782690BFFB0004384B /* Colors.xcassets */; };
		84D5AEA7238BB0EA0032D8F8 /* MovieDetailViewController.swift in Sources */ = {isa = PBXBuildFile; fileRef = 84D5AEA6238BB0EA0032D8F8 /* MovieDetailViewController.swift */; };
		84D5AEA9238BB1430032D8F8 /* GenreListViewController.swift in Sources */ = {isa = PBXBuildFile; fileRef = 84D5AEA8238BB1430032D8F8 /* GenreListViewController.swift */; };
		84D5AEAB238BB1AD0032D8F8 /* MoviesByGenreViewController.swift in Sources */ = {isa = PBXBuildFile; fileRef = 84D5AEAA238BB1AD0032D8F8 /* MoviesByGenreViewController.swift */; };
		84D5AEAD238BB1BF0032D8F8 /* SearchMoviesViewController.swift in Sources */ = {isa = PBXBuildFile; fileRef = 84D5AEAC238BB1BF0032D8F8 /* SearchMoviesViewController.swift */; };
		84D5AEAF238BB1E00032D8F8 /* BookmarksViewController.swift in Sources */ = {isa = PBXBuildFile; fileRef = 84D5AEAE238BB1E00032D8F8 /* BookmarksViewController.swift */; };
		84D5AEB1238BB51C0032D8F8 /* NetworkUtil.swift in Sources */ = {isa = PBXBuildFile; fileRef = 84D5AEB0238BB51C0032D8F8 /* NetworkUtil.swift */; };
		84D5AEB3238BC9ED0032D8F8 /* Alerts.swift in Sources */ = {isa = PBXBuildFile; fileRef = 84D5AEB2238BC9ED0032D8F8 /* Alerts.swift */; };
		84D5AEB5238BCEB60032D8F8 /* MovieListCollectionViewCell.swift in Sources */ = {isa = PBXBuildFile; fileRef = 84D5AEB4238BCEB60032D8F8 /* MovieListCollectionViewCell.swift */; };
		B5020459236EFC3300685896 /* APIs.swift in Sources */ = {isa = PBXBuildFile; fileRef = B5020458236EFC3300685896 /* APIs.swift */; };
		B522224F237417FE006F8BAD /* BookmarkVO.swift in Sources */ = {isa = PBXBuildFile; fileRef = B522224E237417FE006F8BAD /* BookmarkVO.swift */; };
		B522225123741AEB006F8BAD /* MovieModel.swift in Sources */ = {isa = PBXBuildFile; fileRef = B522225023741AEB006F8BAD /* MovieModel.swift */; };
		B52714972365BE2400BA6233 /* MoviesVO.swift in Sources */ = {isa = PBXBuildFile; fileRef = B52714962365BE2400BA6233 /* MoviesVO.swift */; };
		B59591352371C465001E6DF0 /* Routes.swift in Sources */ = {isa = PBXBuildFile; fileRef = B59591342371C465001E6DF0 /* Routes.swift */; };
		B59591382371CD2D001E6DF0 /* MovieGenreVO.swift in Sources */ = {isa = PBXBuildFile; fileRef = B59591372371CD2D001E6DF0 /* MovieGenreVO.swift */; };
		B595913C2371D1F6001E6DF0 /* MovieResponse.swift in Sources */ = {isa = PBXBuildFile; fileRef = B595913B2371D1F6001E6DF0 /* MovieResponse.swift */; };
		B595913E2371D748001E6DF0 /* MovieListResponse.swift in Sources */ = {isa = PBXBuildFile; fileRef = B595913D2371D748001E6DF0 /* MovieListResponse.swift */; };
		B59591402371D955001E6DF0 /* MovieGenreResponse.swift in Sources */ = {isa = PBXBuildFile; fileRef = B595913F2371D955001E6DF0 /* MovieGenreResponse.swift */; };
		B59591422371D9B1001E6DF0 /* MovieGenreListResponse.swift in Sources */ = {isa = PBXBuildFile; fileRef = B59591412371D9B1001E6DF0 /* MovieGenreListResponse.swift */; };
		B5999E00236451C500BA9553 /* AppDelegate.swift in Sources */ = {isa = PBXBuildFile; fileRef = B5999DFF236451C500BA9553 /* AppDelegate.swift */; };
		B5999E02236451C500BA9553 /* DiscoverMoviesViewController.swift in Sources */ = {isa = PBXBuildFile; fileRef = B5999E01236451C500BA9553 /* DiscoverMoviesViewController.swift */; };
		B5999E05236451C500BA9553 /* Main.storyboard in Resources */ = {isa = PBXBuildFile; fileRef = B5999E03236451C500BA9553 /* Main.storyboard */; };
		B5999E07236451C900BA9553 /* Assets.xcassets in Resources */ = {isa = PBXBuildFile; fileRef = B5999E06236451C900BA9553 /* Assets.xcassets */; };
		B5999E0A236451C900BA9553 /* LaunchScreen.storyboard in Resources */ = {isa = PBXBuildFile; fileRef = B5999E08236451C900BA9553 /* LaunchScreen.storyboard */; };
		B5999E15236451C900BA9553 /* YokeShinTests.swift in Sources */ = {isa = PBXBuildFile; fileRef = B5999E14236451C900BA9553 /* YokeShinTests.swift */; };
		B5999E20236451C900BA9553 /* YokeShinUITests.swift in Sources */ = {isa = PBXBuildFile; fileRef = B5999E1F236451C900BA9553 /* YokeShinUITests.swift */; };
/* End PBXBuildFile section */

/* Begin PBXContainerItemProxy section */
		B5999E11236451C900BA9553 /* PBXContainerItemProxy */ = {
			isa = PBXContainerItemProxy;
			containerPortal = B5999DF4236451C500BA9553 /* Project object */;
			proxyType = 1;
			remoteGlobalIDString = B5999DFB236451C500BA9553;
			remoteInfo = YokeShin;
		};
		B5999E1C236451C900BA9553 /* PBXContainerItemProxy */ = {
			isa = PBXContainerItemProxy;
			containerPortal = B5999DF4236451C500BA9553 /* Project object */;
			proxyType = 1;
			remoteGlobalIDString = B5999DFB236451C500BA9553;
			remoteInfo = YokeShin;
		};
/* End PBXContainerItemProxy section */

/* Begin PBXFileReference section */
		840260992390F67900434043 /* TitleSupplementaryView.swift */ = {isa = PBXFileReference; lastKnownFileType = sourcecode.swift; path = TitleSupplementaryView.swift; sourceTree = "<group>"; };
		841E8D8E238CC24800C7D52A /* GenreListTableViewCell.swift */ = {isa = PBXFileReference; lastKnownFileType = sourcecode.swift; path = GenreListTableViewCell.swift; sourceTree = "<group>"; };
		84289F782690BFFB0004384B /* Colors.xcassets */ = {isa = PBXFileReference; lastKnownFileType = folder.assetcatalog; path = Colors.xcassets; sourceTree = "<group>"; };
		84D5AEA6238BB0EA0032D8F8 /* MovieDetailViewController.swift */ = {isa = PBXFileReference; lastKnownFileType = sourcecode.swift; path = MovieDetailViewController.swift; sourceTree = "<group>"; };
		84D5AEA8238BB1430032D8F8 /* GenreListViewController.swift */ = {isa = PBXFileReference; lastKnownFileType = sourcecode.swift; path = GenreListViewController.swift; sourceTree = "<group>"; };
		84D5AEAA238BB1AD0032D8F8 /* MoviesByGenreViewController.swift */ = {isa = PBXFileReference; lastKnownFileType = sourcecode.swift; path = MoviesByGenreViewController.swift; sourceTree = "<group>"; };
		84D5AEAC238BB1BF0032D8F8 /* SearchMoviesViewController.swift */ = {isa = PBXFileReference; lastKnownFileType = sourcecode.swift; path = SearchMoviesViewController.swift; sourceTree = "<group>"; };
		84D5AEAE238BB1E00032D8F8 /* BookmarksViewController.swift */ = {isa = PBXFileReference; lastKnownFileType = sourcecode.swift; path = BookmarksViewController.swift; sourceTree = "<group>"; };
		84D5AEB0238BB51C0032D8F8 /* NetworkUtil.swift */ = {isa = PBXFileReference; lastKnownFileType = sourcecode.swift; path = NetworkUtil.swift; sourceTree = "<group>"; };
		84D5AEB2238BC9ED0032D8F8 /* Alerts.swift */ = {isa = PBXFileReference; lastKnownFileType = sourcecode.swift; path = Alerts.swift; sourceTree = "<group>"; };
		84D5AEB4238BCEB60032D8F8 /* MovieListCollectionViewCell.swift */ = {isa = PBXFileReference; lastKnownFileType = sourcecode.swift; path = MovieListCollectionViewCell.swift; sourceTree = "<group>"; };
		8B3C27AC13C8CE99F1C62EFA /* Pods-YokeShin.debug.xcconfig */ = {isa = PBXFileReference; includeInIndex = 1; lastKnownFileType = text.xcconfig; name = "Pods-YokeShin.debug.xcconfig"; path = "Target Support Files/Pods-YokeShin/Pods-YokeShin.debug.xcconfig"; sourceTree = "<group>"; };
		9D0B472B1505710675E8EAD5 /* Pods-YokeShin.release.xcconfig */ = {isa = PBXFileReference; includeInIndex = 1; lastKnownFileType = text.xcconfig; name = "Pods-YokeShin.release.xcconfig"; path = "Target Support Files/Pods-YokeShin/Pods-YokeShin.release.xcconfig"; sourceTree = "<group>"; };
		B5020458236EFC3300685896 /* APIs.swift */ = {isa = PBXFileReference; lastKnownFileType = sourcecode.swift; path = APIs.swift; sourceTree = "<group>"; };
		B522224E237417FE006F8BAD /* BookmarkVO.swift */ = {isa = PBXFileReference; lastKnownFileType = sourcecode.swift; path = BookmarkVO.swift; sourceTree = "<group>"; };
		B522225023741AEB006F8BAD /* MovieModel.swift */ = {isa = PBXFileReference; lastKnownFileType = sourcecode.swift; path = MovieModel.swift; sourceTree = "<group>"; };
		B52714962365BE2400BA6233 /* MoviesVO.swift */ = {isa = PBXFileReference; lastKnownFileType = sourcecode.swift; path = MoviesVO.swift; sourceTree = "<group>"; };
		B59591342371C465001E6DF0 /* Routes.swift */ = {isa = PBXFileReference; lastKnownFileType = sourcecode.swift; path = Routes.swift; sourceTree = "<group>"; };
		B59591372371CD2D001E6DF0 /* MovieGenreVO.swift */ = {isa = PBXFileReference; lastKnownFileType = sourcecode.swift; path = MovieGenreVO.swift; sourceTree = "<group>"; };
		B595913B2371D1F6001E6DF0 /* MovieResponse.swift */ = {isa = PBXFileReference; lastKnownFileType = sourcecode.swift; path = MovieResponse.swift; sourceTree = "<group>"; };
		B595913D2371D748001E6DF0 /* MovieListResponse.swift */ = {isa = PBXFileReference; lastKnownFileType = sourcecode.swift; path = MovieListResponse.swift; sourceTree = "<group>"; };
		B595913F2371D955001E6DF0 /* MovieGenreResponse.swift */ = {isa = PBXFileReference; lastKnownFileType = sourcecode.swift; path = MovieGenreResponse.swift; sourceTree = "<group>"; };
		B59591412371D9B1001E6DF0 /* MovieGenreListResponse.swift */ = {isa = PBXFileReference; lastKnownFileType = sourcecode.swift; path = MovieGenreListResponse.swift; sourceTree = "<group>"; };
		B5999DFC236451C500BA9553 /* YokeShin.app */ = {isa = PBXFileReference; explicitFileType = wrapper.application; includeInIndex = 0; path = YokeShin.app; sourceTree = BUILT_PRODUCTS_DIR; };
		B5999DFF236451C500BA9553 /* AppDelegate.swift */ = {isa = PBXFileReference; lastKnownFileType = sourcecode.swift; path = AppDelegate.swift; sourceTree = "<group>"; };
		B5999E01236451C500BA9553 /* DiscoverMoviesViewController.swift */ = {isa = PBXFileReference; lastKnownFileType = sourcecode.swift; path = DiscoverMoviesViewController.swift; sourceTree = "<group>"; };
		B5999E04236451C500BA9553 /* Base */ = {isa = PBXFileReference; lastKnownFileType = file.storyboard; name = Base; path = Base.lproj/Main.storyboard; sourceTree = "<group>"; };
		B5999E06236451C900BA9553 /* Assets.xcassets */ = {isa = PBXFileReference; lastKnownFileType = folder.assetcatalog; path = Assets.xcassets; sourceTree = "<group>"; };
		B5999E09236451C900BA9553 /* Base */ = {isa = PBXFileReference; lastKnownFileType = file.storyboard; name = Base; path = Base.lproj/LaunchScreen.storyboard; sourceTree = "<group>"; };
		B5999E0B236451C900BA9553 /* Info.plist */ = {isa = PBXFileReference; lastKnownFileType = text.plist.xml; path = Info.plist; sourceTree = "<group>"; };
		B5999E10236451C900BA9553 /* YokeShinTests.xctest */ = {isa = PBXFileReference; explicitFileType = wrapper.cfbundle; includeInIndex = 0; path = YokeShinTests.xctest; sourceTree = BUILT_PRODUCTS_DIR; };
		B5999E14236451C900BA9553 /* YokeShinTests.swift */ = {isa = PBXFileReference; lastKnownFileType = sourcecode.swift; path = YokeShinTests.swift; sourceTree = "<group>"; };
		B5999E16236451C900BA9553 /* Info.plist */ = {isa = PBXFileReference; lastKnownFileType = text.plist.xml; path = Info.plist; sourceTree = "<group>"; };
		B5999E1B236451C900BA9553 /* YokeShinUITests.xctest */ = {isa = PBXFileReference; explicitFileType = wrapper.cfbundle; includeInIndex = 0; path = YokeShinUITests.xctest; sourceTree = BUILT_PRODUCTS_DIR; };
		B5999E1F236451C900BA9553 /* YokeShinUITests.swift */ = {isa = PBXFileReference; lastKnownFileType = sourcecode.swift; path = YokeShinUITests.swift; sourceTree = "<group>"; };
		B5999E21236451C900BA9553 /* Info.plist */ = {isa = PBXFileReference; lastKnownFileType = text.plist.xml; path = Info.plist; sourceTree = "<group>"; };
		E2E6832006281C5AF38B4CA6 /* Pods_YokeShin.framework */ = {isa = PBXFileReference; explicitFileType = wrapper.framework; includeInIndex = 0; path = Pods_YokeShin.framework; sourceTree = BUILT_PRODUCTS_DIR; };
/* End PBXFileReference section */

/* Begin PBXFrameworksBuildPhase section */
		B5999DF9236451C500BA9553 /* Frameworks */ = {
			isa = PBXFrameworksBuildPhase;
			buildActionMask = 2147483647;
			files = (
				41B1D8CE68511F78588FBE66 /* Pods_YokeShin.framework in Frameworks */,
			);
			runOnlyForDeploymentPostprocessing = 0;
		};
		B5999E0D236451C900BA9553 /* Frameworks */ = {
			isa = PBXFrameworksBuildPhase;
			buildActionMask = 2147483647;
			files = (
			);
			runOnlyForDeploymentPostprocessing = 0;
		};
		B5999E18236451C900BA9553 /* Frameworks */ = {
			isa = PBXFrameworksBuildPhase;
			buildActionMask = 2147483647;
			files = (
			);
			runOnlyForDeploymentPostprocessing = 0;
		};
/* End PBXFrameworksBuildPhase section */

/* Begin PBXGroup section */
		73EF632D48EC372302A8AB0D /* Pods */ = {
			isa = PBXGroup;
			children = (
				8B3C27AC13C8CE99F1C62EFA /* Pods-YokeShin.debug.xcconfig */,
				9D0B472B1505710675E8EAD5 /* Pods-YokeShin.release.xcconfig */,
			);
			path = Pods;
			sourceTree = "<group>";
		};
		84D5AEA1238B88F80032D8F8 /* Views */ = {
			isa = PBXGroup;
			children = (
				84D5AEA4238B896A0032D8F8 /* Cells */,
				84D5AEA5238B89700032D8F8 /* ViewControllers */,
			);
			path = Views;
			sourceTree = "<group>";
		};
		84D5AEA4238B896A0032D8F8 /* Cells */ = {
			isa = PBXGroup;
			children = (
				84D5AEB4238BCEB60032D8F8 /* MovieListCollectionViewCell.swift */,
				841E8D8E238CC24800C7D52A /* GenreListTableViewCell.swift */,
				840260992390F67900434043 /* TitleSupplementaryView.swift */,
			);
			path = Cells;
			sourceTree = "<group>";
		};
		84D5AEA5238B89700032D8F8 /* ViewControllers */ = {
			isa = PBXGroup;
			children = (
				B5999E01236451C500BA9553 /* DiscoverMoviesViewController.swift */,
				84D5AEA6238BB0EA0032D8F8 /* MovieDetailViewController.swift */,
				84D5AEA8238BB1430032D8F8 /* GenreListViewController.swift */,
				84D5AEAA238BB1AD0032D8F8 /* MoviesByGenreViewController.swift */,
				84D5AEAC238BB1BF0032D8F8 /* SearchMoviesViewController.swift */,
				84D5AEAE238BB1E00032D8F8 /* BookmarksViewController.swift */,
			);
			path = ViewControllers;
			sourceTree = "<group>";
		};
		A2F4ACD72338C2249C183324 /* Frameworks */ = {
			isa = PBXGroup;
			children = (
				E2E6832006281C5AF38B4CA6 /* Pods_YokeShin.framework */,
			);
			name = Frameworks;
			sourceTree = "<group>";
		};
		B502044E236EF70F00685896 /* Utils */ = {
			isa = PBXGroup;
			children = (
				B5020458236EFC3300685896 /* APIs.swift */,
				B59591342371C465001E6DF0 /* Routes.swift */,
				84D5AEB0238BB51C0032D8F8 /* NetworkUtil.swift */,
				84D5AEB2238BC9ED0032D8F8 /* Alerts.swift */,
			);
			path = Utils;
			sourceTree = "<group>";
		};
		B52714952365B94700BA6233 /* Models */ = {
			isa = PBXGroup;
			children = (
				B59591362371CB10001E6DF0 /* vos */,
				B522225023741AEB006F8BAD /* MovieModel.swift */,
			);
			path = Models;
			sourceTree = "<group>";
		};
		B59591362371CB10001E6DF0 /* vos */ = {
			isa = PBXGroup;
			children = (
				B52714962365BE2400BA6233 /* MoviesVO.swift */,
				B59591372371CD2D001E6DF0 /* MovieGenreVO.swift */,
				B522224E237417FE006F8BAD /* BookmarkVO.swift */,
			);
			path = vos;
			sourceTree = "<group>";
		};
		B59591392371D00F001E6DF0 /* Network */ = {
			isa = PBXGroup;
			children = (
				B595913A2371D018001E6DF0 /* Response */,
			);
			path = Network;
			sourceTree = "<group>";
		};
		B595913A2371D018001E6DF0 /* Response */ = {
			isa = PBXGroup;
			children = (
				B595913B2371D1F6001E6DF0 /* MovieResponse.swift */,
				B595913D2371D748001E6DF0 /* MovieListResponse.swift */,
				B595913F2371D955001E6DF0 /* MovieGenreResponse.swift */,
				B59591412371D9B1001E6DF0 /* MovieGenreListResponse.swift */,
			);
			path = Response;
			sourceTree = "<group>";
		};
		B5999DF3236451C500BA9553 = {
			isa = PBXGroup;
			children = (
				B5999DFE236451C500BA9553 /* YokeShin */,
				B5999E13236451C900BA9553 /* YokeShinTests */,
				B5999E1E236451C900BA9553 /* YokeShinUITests */,
				B5999DFD236451C500BA9553 /* Products */,
				73EF632D48EC372302A8AB0D /* Pods */,
				A2F4ACD72338C2249C183324 /* Frameworks */,
			);
			sourceTree = "<group>";
		};
		B5999DFD236451C500BA9553 /* Products */ = {
			isa = PBXGroup;
			children = (
				B5999DFC236451C500BA9553 /* YokeShin.app */,
				B5999E10236451C900BA9553 /* YokeShinTests.xctest */,
				B5999E1B236451C900BA9553 /* YokeShinUITests.xctest */,
			);
			name = Products;
			sourceTree = "<group>";
		};
		B5999DFE236451C500BA9553 /* YokeShin */ = {
			isa = PBXGroup;
			children = (
				84D5AEA1238B88F80032D8F8 /* Views */,
				B59591392371D00F001E6DF0 /* Network */,
				B502044E236EF70F00685896 /* Utils */,
				B52714952365B94700BA6233 /* Models */,
				B5999DFF236451C500BA9553 /* AppDelegate.swift */,
				B5999E03236451C500BA9553 /* Main.storyboard */,
				B5999E06236451C900BA9553 /* Assets.xcassets */,
				B5999E08236451C900BA9553 /* LaunchScreen.storyboard */,
				B5999E0B236451C900BA9553 /* Info.plist */,
				84289F782690BFFB0004384B /* Colors.xcassets */,
			);
			path = YokeShin;
			sourceTree = "<group>";
		};
		B5999E13236451C900BA9553 /* YokeShinTests */ = {
			isa = PBXGroup;
			children = (
				B5999E14236451C900BA9553 /* YokeShinTests.swift */,
				B5999E16236451C900BA9553 /* Info.plist */,
			);
			path = YokeShinTests;
			sourceTree = "<group>";
		};
		B5999E1E236451C900BA9553 /* YokeShinUITests */ = {
			isa = PBXGroup;
			children = (
				B5999E1F236451C900BA9553 /* YokeShinUITests.swift */,
				B5999E21236451C900BA9553 /* Info.plist */,
			);
			path = YokeShinUITests;
			sourceTree = "<group>";
		};
/* End PBXGroup section */

/* Begin PBXNativeTarget section */
		B5999DFB236451C500BA9553 /* YokeShin */ = {
			isa = PBXNativeTarget;
			buildConfigurationList = B5999E24236451C900BA9553 /* Build configuration list for PBXNativeTarget "YokeShin" */;
			buildPhases = (
				259C7B8204E855DCA5CF5923 /* [CP] Check Pods Manifest.lock */,
				B5999DF8236451C500BA9553 /* Sources */,
				B5999DF9236451C500BA9553 /* Frameworks */,
				B5999DFA236451C500BA9553 /* Resources */,
				CA17CFAD54EF42B6FAFC05B7 /* [CP] Embed Pods Frameworks */,
			);
			buildRules = (
			);
			dependencies = (
			);
			name = YokeShin;
			productName = YokeShin;
			productReference = B5999DFC236451C500BA9553 /* YokeShin.app */;
			productType = "com.apple.product-type.application";
		};
		B5999E0F236451C900BA9553 /* YokeShinTests */ = {
			isa = PBXNativeTarget;
			buildConfigurationList = B5999E27236451C900BA9553 /* Build configuration list for PBXNativeTarget "YokeShinTests" */;
			buildPhases = (
				B5999E0C236451C900BA9553 /* Sources */,
				B5999E0D236451C900BA9553 /* Frameworks */,
				B5999E0E236451C900BA9553 /* Resources */,
			);
			buildRules = (
			);
			dependencies = (
				B5999E12236451C900BA9553 /* PBXTargetDependency */,
			);
			name = YokeShinTests;
			productName = YokeShinTests;
			productReference = B5999E10236451C900BA9553 /* YokeShinTests.xctest */;
			productType = "com.apple.product-type.bundle.unit-test";
		};
		B5999E1A236451C900BA9553 /* YokeShinUITests */ = {
			isa = PBXNativeTarget;
			buildConfigurationList = B5999E2A236451C900BA9553 /* Build configuration list for PBXNativeTarget "YokeShinUITests" */;
			buildPhases = (
				B5999E17236451C900BA9553 /* Sources */,
				B5999E18236451C900BA9553 /* Frameworks */,
				B5999E19236451C900BA9553 /* Resources */,
			);
			buildRules = (
			);
			dependencies = (
				B5999E1D236451C900BA9553 /* PBXTargetDependency */,
			);
			name = YokeShinUITests;
			productName = YokeShinUITests;
			productReference = B5999E1B236451C900BA9553 /* YokeShinUITests.xctest */;
			productType = "com.apple.product-type.bundle.ui-testing";
		};
/* End PBXNativeTarget section */

/* Begin PBXProject section */
		B5999DF4236451C500BA9553 /* Project object */ = {
			isa = PBXProject;
			attributes = {
				LastSwiftUpdateCheck = 1020;
				LastUpgradeCheck = 1020;
				ORGANIZATIONNAME = aung;
				TargetAttributes = {
					B5999DFB236451C500BA9553 = {
						CreatedOnToolsVersion = 10.2.1;
					};
					B5999E0F236451C900BA9553 = {
						CreatedOnToolsVersion = 10.2.1;
						TestTargetID = B5999DFB236451C500BA9553;
					};
					B5999E1A236451C900BA9553 = {
						CreatedOnToolsVersion = 10.2.1;
						TestTargetID = B5999DFB236451C500BA9553;
					};
				};
			};
			buildConfigurationList = B5999DF7236451C500BA9553 /* Build configuration list for PBXProject "YokeShin" */;
			compatibilityVersion = "Xcode 9.3";
			developmentRegion = en;
			hasScannedForEncodings = 0;
			knownRegions = (
				en,
				Base,
			);
			mainGroup = B5999DF3236451C500BA9553;
			productRefGroup = B5999DFD236451C500BA9553 /* Products */;
			projectDirPath = "";
			projectRoot = "";
			targets = (
				B5999DFB236451C500BA9553 /* YokeShin */,
				B5999E0F236451C900BA9553 /* YokeShinTests */,
				B5999E1A236451C900BA9553 /* YokeShinUITests */,
			);
		};
/* End PBXProject section */

/* Begin PBXResourcesBuildPhase section */
		B5999DFA236451C500BA9553 /* Resources */ = {
			isa = PBXResourcesBuildPhase;
			buildActionMask = 2147483647;
			files = (
				B5999E0A236451C900BA9553 /* LaunchScreen.storyboard in Resources */,
				84289F792690BFFB0004384B /* Colors.xcassets in Resources */,
				B5999E07236451C900BA9553 /* Assets.xcassets in Resources */,
				B5999E05236451C500BA9553 /* Main.storyboard in Resources */,
			);
			runOnlyForDeploymentPostprocessing = 0;
		};
		B5999E0E236451C900BA9553 /* Resources */ = {
			isa = PBXResourcesBuildPhase;
			buildActionMask = 2147483647;
			files = (
			);
			runOnlyForDeploymentPostprocessing = 0;
		};
		B5999E19236451C900BA9553 /* Resources */ = {
			isa = PBXResourcesBuildPhase;
			buildActionMask = 2147483647;
			files = (
			);
			runOnlyForDeploymentPostprocessing = 0;
		};
/* End PBXResourcesBuildPhase section */

/* Begin PBXShellScriptBuildPhase section */
		259C7B8204E855DCA5CF5923 /* [CP] Check Pods Manifest.lock */ = {
			isa = PBXShellScriptBuildPhase;
			buildActionMask = 2147483647;
			files = (
			);
			inputFileListPaths = (
			);
			inputPaths = (
				"${PODS_PODFILE_DIR_PATH}/Podfile.lock",
				"${PODS_ROOT}/Manifest.lock",
			);
			name = "[CP] Check Pods Manifest.lock";
			outputFileListPaths = (
			);
			outputPaths = (
				"$(DERIVED_FILE_DIR)/Pods-YokeShin-checkManifestLockResult.txt",
			);
			runOnlyForDeploymentPostprocessing = 0;
			shellPath = /bin/sh;
			shellScript = "diff \"${PODS_PODFILE_DIR_PATH}/Podfile.lock\" \"${PODS_ROOT}/Manifest.lock\" > /dev/null\nif [ $? != 0 ] ; then\n    # print error to STDERR\n    echo \"error: The sandbox is not in sync with the Podfile.lock. Run 'pod install' or update your CocoaPods installation.\" >&2\n    exit 1\nfi\n# This output is used by Xcode 'outputs' to avoid re-running this script phase.\necho \"SUCCESS\" > \"${SCRIPT_OUTPUT_FILE_0}\"\n";
			showEnvVarsInLog = 0;
		};
		CA17CFAD54EF42B6FAFC05B7 /* [CP] Embed Pods Frameworks */ = {
			isa = PBXShellScriptBuildPhase;
			buildActionMask = 2147483647;
			files = (
			);
			inputFileListPaths = (
				"${PODS_ROOT}/Target Support Files/Pods-YokeShin/Pods-YokeShin-frameworks-${CONFIGURATION}-input-files.xcfilelist",
			);
			name = "[CP] Embed Pods Frameworks";
			outputFileListPaths = (
				"${PODS_ROOT}/Target Support Files/Pods-YokeShin/Pods-YokeShin-frameworks-${CONFIGURATION}-output-files.xcfilelist",
			);
			runOnlyForDeploymentPostprocessing = 0;
			shellPath = /bin/sh;
			shellScript = "\"${PODS_ROOT}/Target Support Files/Pods-YokeShin/Pods-YokeShin-frameworks.sh\"\n";
			showEnvVarsInLog = 0;
		};
/* End PBXShellScriptBuildPhase section */

/* Begin PBXSourcesBuildPhase section */
		B5999DF8236451C500BA9553 /* Sources */ = {
			isa = PBXSourcesBuildPhase;
			buildActionMask = 2147483647;
			files = (
				B522225123741AEB006F8BAD /* MovieModel.swift in Sources */,
				8402609A2390F67900434043 /* TitleSupplementaryView.swift in Sources */,
				84D5AEB5238BCEB60032D8F8 /* MovieListCollectionViewCell.swift in Sources */,
				84D5AEB3238BC9ED0032D8F8 /* Alerts.swift in Sources */,
				B595913C2371D1F6001E6DF0 /* MovieResponse.swift in Sources */,
				841E8D8F238CC24800C7D52A /* GenreListTableViewCell.swift in Sources */,
				84D5AEB1238BB51C0032D8F8 /* NetworkUtil.swift in Sources */,
				84D5AEA9238BB1430032D8F8 /* GenreListViewController.swift in Sources */,
				B59591422371D9B1001E6DF0 /* MovieGenreListResponse.swift in Sources */,
				B59591402371D955001E6DF0 /* MovieGenreResponse.swift in Sources */,
				84D5AEA7238BB0EA0032D8F8 /* MovieDetailViewController.swift in Sources */,
				84D5AEAD238BB1BF0032D8F8 /* SearchMoviesViewController.swift in Sources */,
				B5999E02236451C500BA9553 /* DiscoverMoviesViewController.swift in Sources */,
				B522224F237417FE006F8BAD /* BookmarkVO.swift in Sources */,
				B5999E00236451C500BA9553 /* AppDelegate.swift in Sources */,
				B59591352371C465001E6DF0 /* Routes.swift in Sources */,
				84D5AEAB238BB1AD0032D8F8 /* MoviesByGenreViewController.swift in Sources */,
				B52714972365BE2400BA6233 /* MoviesVO.swift in Sources */,
				B595913E2371D748001E6DF0 /* MovieListResponse.swift in Sources */,
				B5020459236EFC3300685896 /* APIs.swift in Sources */,
				84D5AEAF238BB1E00032D8F8 /* BookmarksViewController.swift in Sources */,
				B59591382371CD2D001E6DF0 /* MovieGenreVO.swift in Sources */,
			);
			runOnlyForDeploymentPostprocessing = 0;
		};
		B5999E0C236451C900BA9553 /* Sources */ = {
			isa = PBXSourcesBuildPhase;
			buildActionMask = 2147483647;
			files = (
				B5999E15236451C900BA9553 /* YokeShinTests.swift in Sources */,
			);
			runOnlyForDeploymentPostprocessing = 0;
		};
		B5999E17236451C900BA9553 /* Sources */ = {
			isa = PBXSourcesBuildPhase;
			buildActionMask = 2147483647;
			files = (
				B5999E20236451C900BA9553 /* YokeShinUITests.swift in Sources */,
			);
			runOnlyForDeploymentPostprocessing = 0;
		};
/* End PBXSourcesBuildPhase section */

/* Begin PBXTargetDependency section */
		B5999E12236451C900BA9553 /* PBXTargetDependency */ = {
			isa = PBXTargetDependency;
			target = B5999DFB236451C500BA9553 /* YokeShin */;
			targetProxy = B5999E11236451C900BA9553 /* PBXContainerItemProxy */;
		};
		B5999E1D236451C900BA9553 /* PBXTargetDependency */ = {
			isa = PBXTargetDependency;
			target = B5999DFB236451C500BA9553 /* YokeShin */;
			targetProxy = B5999E1C236451C900BA9553 /* PBXContainerItemProxy */;
		};
/* End PBXTargetDependency section */

/* Begin PBXVariantGroup section */
		B5999E03236451C500BA9553 /* Main.storyboard */ = {
			isa = PBXVariantGroup;
			children = (
				B5999E04236451C500BA9553 /* Base */,
			);
			name = Main.storyboard;
			sourceTree = "<group>";
		};
		B5999E08236451C900BA9553 /* LaunchScreen.storyboard */ = {
			isa = PBXVariantGroup;
			children = (
				B5999E09236451C900BA9553 /* Base */,
			);
			name = LaunchScreen.storyboard;
			sourceTree = "<group>";
		};
/* End PBXVariantGroup section */

/* Begin XCBuildConfiguration section */
		B5999E22236451C900BA9553 /* Debug */ = {
			isa = XCBuildConfiguration;
			buildSettings = {
				ALWAYS_SEARCH_USER_PATHS = NO;
				CLANG_ANALYZER_NONNULL = YES;
				CLANG_ANALYZER_NUMBER_OBJECT_CONVERSION = YES_AGGRESSIVE;
				CLANG_CXX_LANGUAGE_STANDARD = "gnu++14";
				CLANG_CXX_LIBRARY = "libc++";
				CLANG_ENABLE_MODULES = YES;
				CLANG_ENABLE_OBJC_ARC = YES;
				CLANG_ENABLE_OBJC_WEAK = YES;
				CLANG_WARN_BLOCK_CAPTURE_AUTORELEASING = YES;
				CLANG_WARN_BOOL_CONVERSION = YES;
				CLANG_WARN_COMMA = YES;
				CLANG_WARN_CONSTANT_CONVERSION = YES;
				CLANG_WARN_DEPRECATED_OBJC_IMPLEMENTATIONS = YES;
				CLANG_WARN_DIRECT_OBJC_ISA_USAGE = YES_ERROR;
				CLANG_WARN_DOCUMENTATION_COMMENTS = YES;
				CLANG_WARN_EMPTY_BODY = YES;
				CLANG_WARN_ENUM_CONVERSION = YES;
				CLANG_WARN_INFINITE_RECURSION = YES;
				CLANG_WARN_INT_CONVERSION = YES;
				CLANG_WARN_NON_LITERAL_NULL_CONVERSION = YES;
				CLANG_WARN_OBJC_IMPLICIT_RETAIN_SELF = YES;
				CLANG_WARN_OBJC_LITERAL_CONVERSION = YES;
				CLANG_WARN_OBJC_ROOT_CLASS = YES_ERROR;
				CLANG_WARN_RANGE_LOOP_ANALYSIS = YES;
				CLANG_WARN_STRICT_PROTOTYPES = YES;
				CLANG_WARN_SUSPICIOUS_MOVE = YES;
				CLANG_WARN_UNGUARDED_AVAILABILITY = YES_AGGRESSIVE;
				CLANG_WARN_UNREACHABLE_CODE = YES;
				CLANG_WARN__DUPLICATE_METHOD_MATCH = YES;
				CODE_SIGN_IDENTITY = "iPhone Developer";
				COPY_PHASE_STRIP = NO;
				DEBUG_INFORMATION_FORMAT = dwarf;
				ENABLE_STRICT_OBJC_MSGSEND = YES;
				ENABLE_TESTABILITY = YES;
				GCC_C_LANGUAGE_STANDARD = gnu11;
				GCC_DYNAMIC_NO_PIC = NO;
				GCC_NO_COMMON_BLOCKS = YES;
				GCC_OPTIMIZATION_LEVEL = 0;
				GCC_PREPROCESSOR_DEFINITIONS = (
					"DEBUG=1",
					"$(inherited)",
				);
				GCC_WARN_64_TO_32_BIT_CONVERSION = YES;
				GCC_WARN_ABOUT_RETURN_TYPE = YES_ERROR;
				GCC_WARN_UNDECLARED_SELECTOR = YES;
				GCC_WARN_UNINITIALIZED_AUTOS = YES_AGGRESSIVE;
				GCC_WARN_UNUSED_FUNCTION = YES;
				GCC_WARN_UNUSED_VARIABLE = YES;
				IPHONEOS_DEPLOYMENT_TARGET = 12.2;
				MTL_ENABLE_DEBUG_INFO = INCLUDE_SOURCE;
				MTL_FAST_MATH = YES;
				ONLY_ACTIVE_ARCH = YES;
				SDKROOT = iphoneos;
				SWIFT_ACTIVE_COMPILATION_CONDITIONS = DEBUG;
				SWIFT_OPTIMIZATION_LEVEL = "-Onone";
			};
			name = Debug;
		};
		B5999E23236451C900BA9553 /* Release */ = {
			isa = XCBuildConfiguration;
			buildSettings = {
				ALWAYS_SEARCH_USER_PATHS = NO;
				CLANG_ANALYZER_NONNULL = YES;
				CLANG_ANALYZER_NUMBER_OBJECT_CONVERSION = YES_AGGRESSIVE;
				CLANG_CXX_LANGUAGE_STANDARD = "gnu++14";
				CLANG_CXX_LIBRARY = "libc++";
				CLANG_ENABLE_MODULES = YES;
				CLANG_ENABLE_OBJC_ARC = YES;
				CLANG_ENABLE_OBJC_WEAK = YES;
				CLANG_WARN_BLOCK_CAPTURE_AUTORELEASING = YES;
				CLANG_WARN_BOOL_CONVERSION = YES;
				CLANG_WARN_COMMA = YES;
				CLANG_WARN_CONSTANT_CONVERSION = YES;
				CLANG_WARN_DEPRECATED_OBJC_IMPLEMENTATIONS = YES;
				CLANG_WARN_DIRECT_OBJC_ISA_USAGE = YES_ERROR;
				CLANG_WARN_DOCUMENTATION_COMMENTS = YES;
				CLANG_WARN_EMPTY_BODY = YES;
				CLANG_WARN_ENUM_CONVERSION = YES;
				CLANG_WARN_INFINITE_RECURSION = YES;
				CLANG_WARN_INT_CONVERSION = YES;
				CLANG_WARN_NON_LITERAL_NULL_CONVERSION = YES;
				CLANG_WARN_OBJC_IMPLICIT_RETAIN_SELF = YES;
				CLANG_WARN_OBJC_LITERAL_CONVERSION = YES;
				CLANG_WARN_OBJC_ROOT_CLASS = YES_ERROR;
				CLANG_WARN_RANGE_LOOP_ANALYSIS = YES;
				CLANG_WARN_STRICT_PROTOTYPES = YES;
				CLANG_WARN_SUSPICIOUS_MOVE = YES;
				CLANG_WARN_UNGUARDED_AVAILABILITY = YES_AGGRESSIVE;
				CLANG_WARN_UNREACHABLE_CODE = YES;
				CLANG_WARN__DUPLICATE_METHOD_MATCH = YES;
				CODE_SIGN_IDENTITY = "iPhone Developer";
				COPY_PHASE_STRIP = NO;
				DEBUG_INFORMATION_FORMAT = "dwarf-with-dsym";
				ENABLE_NS_ASSERTIONS = NO;
				ENABLE_STRICT_OBJC_MSGSEND = YES;
				GCC_C_LANGUAGE_STANDARD = gnu11;
				GCC_NO_COMMON_BLOCKS = YES;
				GCC_WARN_64_TO_32_BIT_CONVERSION = YES;
				GCC_WARN_ABOUT_RETURN_TYPE = YES_ERROR;
				GCC_WARN_UNDECLARED_SELECTOR = YES;
				GCC_WARN_UNINITIALIZED_AUTOS = YES_AGGRESSIVE;
				GCC_WARN_UNUSED_FUNCTION = YES;
				GCC_WARN_UNUSED_VARIABLE = YES;
				IPHONEOS_DEPLOYMENT_TARGET = 12.2;
				MTL_ENABLE_DEBUG_INFO = NO;
				MTL_FAST_MATH = YES;
				SDKROOT = iphoneos;
				SWIFT_COMPILATION_MODE = wholemodule;
				SWIFT_OPTIMIZATION_LEVEL = "-O";
				VALIDATE_PRODUCT = YES;
			};
			name = Release;
		};
		B5999E25236451C900BA9553 /* Debug */ = {
			isa = XCBuildConfiguration;
			baseConfigurationReference = 8B3C27AC13C8CE99F1C62EFA /* Pods-YokeShin.debug.xcconfig */;
			buildSettings = {
				ASSETCATALOG_COMPILER_APPICON_NAME = AppIcon;
				CODE_SIGN_STYLE = Automatic;
				DEVELOPMENT_TEAM = "";
				INFOPLIST_FILE = YokeShin/Info.plist;
				IPHONEOS_DEPLOYMENT_TARGET = 12.0;
				LD_RUNPATH_SEARCH_PATHS = (
					"$(inherited)",
					"@executable_path/Frameworks",
				);
				PRODUCT_BUNDLE_IDENTIFIER = akp.YokeShin;
				PRODUCT_NAME = "$(TARGET_NAME)";
				SWIFT_VERSION = 4.0;
				TARGETED_DEVICE_FAMILY = "1,2";
			};
			name = Debug;
		};
		B5999E26236451C900BA9553 /* Release */ = {
			isa = XCBuildConfiguration;
			baseConfigurationReference = 9D0B472B1505710675E8EAD5 /* Pods-YokeShin.release.xcconfig */;
			buildSettings = {
				ASSETCATALOG_COMPILER_APPICON_NAME = AppIcon;
				CODE_SIGN_STYLE = Manual;
				DEVELOPMENT_TEAM = "";
				INFOPLIST_FILE = YokeShin/Info.plist;
				IPHONEOS_DEPLOYMENT_TARGET = 12.0;
				LD_RUNPATH_SEARCH_PATHS = (
					"$(inherited)",
					"@executable_path/Frameworks",
				);
				PRODUCT_BUNDLE_IDENTIFIER = akp.YokeShin;
				PRODUCT_NAME = "$(TARGET_NAME)";
				PROVISIONING_PROFILE_SPECIFIER = "";
				SWIFT_VERSION = 4.0;
				TARGETED_DEVICE_FAMILY = "1,2";
			};
			name = Release;
		};
		B5999E28236451C900BA9553 /* Debug */ = {
			isa = XCBuildConfiguration;
			buildSettings = {
				ALWAYS_EMBED_SWIFT_STANDARD_LIBRARIES = YES;
				BUNDLE_LOADER = "$(TEST_HOST)";
				CODE_SIGN_STYLE = Automatic;
				DEVELOPMENT_TEAM = HA4A8Y4KQA;
				INFOPLIST_FILE = YokeShinTests/Info.plist;
				LD_RUNPATH_SEARCH_PATHS = (
					"$(inherited)",
					"@executable_path/Frameworks",
					"@loader_path/Frameworks",
				);
				PRODUCT_BUNDLE_IDENTIFIER = akp.YokeShinTests;
				PRODUCT_NAME = "$(TARGET_NAME)";
				SWIFT_VERSION = 5.0;
				TARGETED_DEVICE_FAMILY = "1,2";
				TEST_HOST = "$(BUILT_PRODUCTS_DIR)/YokeShin.app/YokeShin";
			};
			name = Debug;
		};
		B5999E29236451C900BA9553 /* Release */ = {
			isa = XCBuildConfiguration;
			buildSettings = {
				ALWAYS_EMBED_SWIFT_STANDARD_LIBRARIES = YES;
				BUNDLE_LOADER = "$(TEST_HOST)";
				CODE_SIGN_STYLE = Automatic;
				DEVELOPMENT_TEAM = HA4A8Y4KQA;
				INFOPLIST_FILE = YokeShinTests/Info.plist;
				LD_RUNPATH_SEARCH_PATHS = (
					"$(inherited)",
					"@executable_path/Frameworks",
					"@loader_path/Frameworks",
				);
				PRODUCT_BUNDLE_IDENTIFIER = akp.YokeShinTests;
				PRODUCT_NAME = "$(TARGET_NAME)";
				SWIFT_VERSION = 5.0;
				TARGETED_DEVICE_FAMILY = "1,2";
				TEST_HOST = "$(BUILT_PRODUCTS_DIR)/YokeShin.app/YokeShin";
			};
			name = Release;
		};
		B5999E2B236451C900BA9553 /* Debug */ = {
			isa = XCBuildConfiguration;
			buildSettings = {
				ALWAYS_EMBED_SWIFT_STANDARD_LIBRARIES = YES;
				CODE_SIGN_STYLE = Automatic;
				DEVELOPMENT_TEAM = HA4A8Y4KQA;
				INFOPLIST_FILE = YokeShinUITests/Info.plist;
				LD_RUNPATH_SEARCH_PATHS = (
					"$(inherited)",
					"@executable_path/Frameworks",
					"@loader_path/Frameworks",
				);
				PRODUCT_BUNDLE_IDENTIFIER = akp.YokeShinUITests;
				PRODUCT_NAME = "$(TARGET_NAME)";
				SWIFT_VERSION = 5.0;
				TARGETED_DEVICE_FAMILY = "1,2";
				TEST_TARGET_NAME = YokeShin;
			};
			name = Debug;
		};
		B5999E2C236451C900BA9553 /* Release */ = {
			isa = XCBuildConfiguration;
			buildSettings = {
				ALWAYS_EMBED_SWIFT_STANDARD_LIBRARIES = YES;
				CODE_SIGN_STYLE = Automatic;
				DEVELOPMENT_TEAM = HA4A8Y4KQA;
				INFOPLIST_FILE = YokeShinUITests/Info.plist;
				LD_RUNPATH_SEARCH_PATHS = (
					"$(inherited)",
					"@executable_path/Frameworks",
					"@loader_path/Frameworks",
				);
				PRODUCT_BUNDLE_IDENTIFIER = akp.YokeShinUITests;
				PRODUCT_NAME = "$(TARGET_NAME)";
				SWIFT_VERSION = 5.0;
				TARGETED_DEVICE_FAMILY = "1,2";
				TEST_TARGET_NAME = YokeShin;
			};
			name = Release;
		};
/* End XCBuildConfiguration section */

/* Begin XCConfigurationList section */
		B5999DF7236451C500BA9553 /* Build configuration list for PBXProject "YokeShin" */ = {
			isa = XCConfigurationList;
			buildConfigurations = (
				B5999E22236451C900BA9553 /* Debug */,
				B5999E23236451C900BA9553 /* Release */,
			);
			defaultConfigurationIsVisible = 0;
			defaultConfigurationName = Release;
		};
		B5999E24236451C900BA9553 /* Build configuration list for PBXNativeTarget "YokeShin" */ = {
			isa = XCConfigurationList;
			buildConfigurations = (
				B5999E25236451C900BA9553 /* Debug */,
				B5999E26236451C900BA9553 /* Release */,
			);
			defaultConfigurationIsVisible = 0;
			defaultConfigurationName = Release;
		};
		B5999E27236451C900BA9553 /* Build configuration list for PBXNativeTarget "YokeShinTests" */ = {
			isa = XCConfigurationList;
			buildConfigurations = (
				B5999E28236451C900BA9553 /* Debug */,
				B5999E29236451C900BA9553 /* Release */,
			);
			defaultConfigurationIsVisible = 0;
			defaultConfigurationName = Release;
		};
		B5999E2A236451C900BA9553 /* Build configuration list for PBXNativeTarget "YokeShinUITests" */ = {
			isa = XCConfigurationList;
			buildConfigurations = (
				B5999E2B236451C900BA9553 /* Debug */,
				B5999E2C236451C900BA9553 /* Release */,
			);
			defaultConfigurationIsVisible = 0;
			defaultConfigurationName = Release;
		};
/* End XCConfigurationList section */
	};
	rootObject = B5999DF4236451C500BA9553 /* Project object */;
}
